
Microsoft Visual Studio Solution File, Format Version 12.00
# Visual Studio Version 17
VisualStudioVersion = 17.8.34322.80
MinimumVisualStudioVersion = 10.0.40219.1
Project("{FAE04EC0-301F-11D3-BF4B-00C04F79EFBC}") = "CounterApp", "CounterApp\CounterApp.csproj", "{F13EAA2A-48DB-4EC0-9AEA-59A52FC59F40}"
EndProject
Global
	GlobalSection(SolutionConfigurationPlatforms) = preSolution
		Debug|Any CPU = Debug|Any CPU
		Release|Any CPU = Release|Any CPU
	EndGlobalSection
	GlobalSection(ProjectConfigurationPlatforms) = postSolution
		{F13EAA2A-48DB-4EC0-9AEA-59A52FC59F40}.Debug|Any CPU.ActiveCfg = Debug|Any CPU
		{F13EAA2A-48DB-4EC0-9AEA-59A52FC59F40}.Debug|Any CPU.Build.0 = Debug|Any CPU
		{F13EAA2A-48DB-4EC0-9AEA-59A52FC59F40}.Debug|Any CPU.Deploy.0 = Debug|Any CPU
		{F13EAA2A-48DB-4EC0-9AEA-59A52FC59F40}.Release|Any CPU.ActiveCfg = Release|Any CPU
		{F13EAA2A-48DB-4EC0-9AEA-59A52FC59F40}.Release|Any CPU.Build.0 = Release|Any CPU
		{F13EAA2A-48DB-4EC0-9AEA-59A52FC59F40}.Release|Any CPU.Deploy.0 = Release|Any CPU
	EndGlobalSection
	GlobalSection(SolutionProperties) = preSolution
		HideSolutionNode = FALSE
	EndGlobalSection
	GlobalSection(ExtensibilityGlobals) = postSolution
		SolutionGuid = {A2E4EFCD-44FB-4BCA-BD43-75D62EB1FB6F}
	EndGlobalSection
EndGlobal
